
Microsoft Visual Studio Solution File, Format Version 12.00
# Visual Studio Version 17
VisualStudioVersion = 17.0.32014.148
MinimumVisualStudioVersion = 10.0.40219.1
Project("{9A19103F-16F7-4668-BE54-9A1E7A4F7556}") = "PetSpa04", "PetSpa04\PetSpa04.csproj", "{1BCBDBEA-4C04-477B-9928-F0912962E9F6}"
	ProjectSection(ProjectDependencies) = postProject
		{2CC9ADD7-A37D-4EA6-AE33-C200B8EFEFAE} = {2CC9ADD7-A37D-4EA6-AE33-C200B8EFEFAE}
	EndProjectSection
EndProject
Project("{FAE04EC0-301F-11D3-BF4B-00C04F79EFBC}") = "PetSpa04.Core", "PetSpa04.Core\PetSpa04.Core.csproj", "{2CC9ADD7-A37D-4EA6-AE33-C200B8EFEFAE}"
	ProjectSection(ProjectDependencies) = postProject
		{245B1183-7715-4B04-9778-E5EA5DDAFD4F} = {245B1183-7715-4B04-9778-E5EA5DDAFD4F}
	EndProjectSection
EndProject
Project("{FAE04EC0-301F-11D3-BF4B-00C04F79EFBC}") = "PetSpa.Infrastructure", "PetSpa.Infrastructure\PetSpa.Infrastructure.csproj", "{245B1183-7715-4B04-9778-E5EA5DDAFD4F}"
EndProject
Global
	GlobalSection(SolutionConfigurationPlatforms) = preSolution
		Debug|Any CPU = Debug|Any CPU
		Release|Any CPU = Release|Any CPU
	EndGlobalSection
	GlobalSection(ProjectConfigurationPlatforms) = postSolution
		{1BCBDBEA-4C04-477B-9928-F0912962E9F6}.Debug|Any CPU.ActiveCfg = Debug|Any CPU
		{1BCBDBEA-4C04-477B-9928-F0912962E9F6}.Debug|Any CPU.Build.0 = Debug|Any CPU
		{1BCBDBEA-4C04-477B-9928-F0912962E9F6}.Release|Any CPU.ActiveCfg = Release|Any CPU
		{1BCBDBEA-4C04-477B-9928-F0912962E9F6}.Release|Any CPU.Build.0 = Release|Any CPU
		{2CC9ADD7-A37D-4EA6-AE33-C200B8EFEFAE}.Debug|Any CPU.ActiveCfg = Debug|Any CPU
		{2CC9ADD7-A37D-4EA6-AE33-C200B8EFEFAE}.Debug|Any CPU.Build.0 = Debug|Any CPU
		{2CC9ADD7-A37D-4EA6-AE33-C200B8EFEFAE}.Release|Any CPU.ActiveCfg = Release|Any CPU
		{2CC9ADD7-A37D-4EA6-AE33-C200B8EFEFAE}.Release|Any CPU.Build.0 = Release|Any CPU
		{245B1183-7715-4B04-9778-E5EA5DDAFD4F}.Debug|Any CPU.ActiveCfg = Debug|Any CPU
		{245B1183-7715-4B04-9778-E5EA5DDAFD4F}.Debug|Any CPU.Build.0 = Debug|Any CPU
		{245B1183-7715-4B04-9778-E5EA5DDAFD4F}.Release|Any CPU.ActiveCfg = Release|Any CPU
		{245B1183-7715-4B04-9778-E5EA5DDAFD4F}.Release|Any CPU.Build.0 = Release|Any CPU
	EndGlobalSection
	GlobalSection(SolutionProperties) = preSolution
		HideSolutionNode = FALSE
	EndGlobalSection
	GlobalSection(ExtensibilityGlobals) = postSolution
		SolutionGuid = {017706BF-8200-42C7-949C-64604FE20CD8}
	EndGlobalSection
EndGlobal
